
Microsoft Visual Studio Solution File, Format Version 12.00
# Visual Studio Version 16
VisualStudioVersion = 16.0.30611.23
MinimumVisualStudioVersion = 10.0.40219.1
Project("{FAE04EC0-301F-11D3-BF4B-00C04F79EFBC}") = "MyFirstApp", "MyFirstApp.csproj", "{3FF18592-0701-4D95-AB51-5321DACD37FC}"
EndProject
Global
	GlobalSection(SolutionConfigurationPlatforms) = preSolution
		Debug|Any CPU = Debug|Any CPU
		Release|Any CPU = Release|Any CPU
	EndGlobalSection
	GlobalSection(ProjectConfigurationPlatforms) = postSolution
		{3FF18592-0701-4D95-AB51-5321DACD37FC}.Debug|Any CPU.ActiveCfg = Debug|Any CPU
		{3FF18592-0701-4D95-AB51-5321DACD37FC}.Debug|Any CPU.Build.0 = Debug|Any CPU
		{3FF18592-0701-4D95-AB51-5321DACD37FC}.Release|Any CPU.ActiveCfg = Release|Any CPU
		{3FF18592-0701-4D95-AB51-5321DACD37FC}.Release|Any CPU.Build.0 = Release|Any CPU
	EndGlobalSection
	GlobalSection(SolutionProperties) = preSolution
		HideSolutionNode = FALSE
	EndGlobalSection
	GlobalSection(ExtensibilityGlobals) = postSolution
		SolutionGuid = {461D9D69-5350-4757-B2F4-FFF70FF02720}
	EndGlobalSection
EndGlobal
